
Microsoft Visual Studio Solution File, Format Version 12.00
# Visual Studio Version 16
VisualStudioVersion = 16.0.29409.12
MinimumVisualStudioVersion = 10.0.40219.1
Project("{FAE04EC0-301F-11D3-BF4B-00C04F79EFBC}") = "ReactCore", "ReactCore.csproj", "{F950EA7F-C37D-4316-950B-552546AE6B2B}"
EndProject
Global
	GlobalSection(SolutionConfigurationPlatforms) = preSolution
		Debug|Any CPU = Debug|Any CPU
		Release|Any CPU = Release|Any CPU
	EndGlobalSection
	GlobalSection(ProjectConfigurationPlatforms) = postSolution
		{F950EA7F-C37D-4316-950B-552546AE6B2B}.Debug|Any CPU.ActiveCfg = Debug|Any CPU
		{F950EA7F-C37D-4316-950B-552546AE6B2B}.Debug|Any CPU.Build.0 = Debug|Any CPU
		{F950EA7F-C37D-4316-950B-552546AE6B2B}.Release|Any CPU.ActiveCfg = Release|Any CPU
		{F950EA7F-C37D-4316-950B-552546AE6B2B}.Release|Any CPU.Build.0 = Release|Any CPU
	EndGlobalSection
	GlobalSection(SolutionProperties) = preSolution
		HideSolutionNode = FALSE
	EndGlobalSection
	GlobalSection(ExtensibilityGlobals) = postSolution
		SolutionGuid = {288D325F-769B-4177-86FE-DC3587B7F5D5}
	EndGlobalSection
EndGlobal
